
Microsoft Visual Studio Solution File, Format Version 12.00
# Visual Studio 15
VisualStudioVersion = 15.0.26730.15
MinimumVisualStudioVersion = 10.0.40219.1
Project("{FAE04EC0-301F-11D3-BF4B-00C04F79EFBC}") = "Bank System", "Bank System\Bank System.csproj", "{A153209A-E603-472F-942E-2F50FEB9ECDA}"
EndProject
Global
	GlobalSection(SolutionConfigurationPlatforms) = preSolution
		Debug|Any CPU = Debug|Any CPU
		Release|Any CPU = Release|Any CPU
	EndGlobalSection
	GlobalSection(ProjectConfigurationPlatforms) = postSolution
		{A153209A-E603-472F-942E-2F50FEB9ECDA}.Debug|Any CPU.ActiveCfg = Debug|Any CPU
		{A153209A-E603-472F-942E-2F50FEB9ECDA}.Debug|Any CPU.Build.0 = Debug|Any CPU
		{A153209A-E603-472F-942E-2F50FEB9ECDA}.Release|Any CPU.ActiveCfg = Release|Any CPU
		{A153209A-E603-472F-942E-2F50FEB9ECDA}.Release|Any CPU.Build.0 = Release|Any CPU
	EndGlobalSection
	GlobalSection(SolutionProperties) = preSolution
		HideSolutionNode = FALSE
	EndGlobalSection
	GlobalSection(ExtensibilityGlobals) = postSolution
		SolutionGuid = {AD923F8D-0789-4CE6-9BA9-CA529573E18C}
	EndGlobalSection
EndGlobal
